
Microsoft Visual Studio Solution File, Format Version 12.00
# Visual Studio Version 16
VisualStudioVersion = 16.0.30128.74
MinimumVisualStudioVersion = 10.0.40219.1
Project("{9A19103F-16F7-4668-BE54-9A1E7A4F7556}") = "Taxi.Common", "Taxi.Common\Taxi.Common.csproj", "{4996E638-5330-43EB-A4EE-D75515E01571}"
EndProject
Project("{9A19103F-16F7-4668-BE54-9A1E7A4F7556}") = "Taxi.web", "Taxi.web\Taxi.web.csproj", "{56458E03-2D7C-4E50-AF7B-4F0E01740C91}"
EndProject
Project("{FAE04EC0-301F-11D3-BF4B-00C04F79EFBC}") = "Taxi.Prism", "Taxi.Prism\Taxi.Prism\Taxi.Prism.csproj", "{DA19C622-AEA2-46E6-8117-72D4EB544461}"
EndProject
Project("{FAE04EC0-301F-11D3-BF4B-00C04F79EFBC}") = "Taxi.Prism.Android", "Taxi.Prism\Taxi.Prism.Android\Taxi.Prism.Android.csproj", "{FF6B1C77-44B4-41E5-88FE-45DDEFFE5CDB}"
EndProject
Project("{FAE04EC0-301F-11D3-BF4B-00C04F79EFBC}") = "Taxi.Prism.iOS", "Taxi.Prism\Taxi.Prism.iOS\Taxi.Prism.iOS.csproj", "{2575A406-D14E-453C-8E22-8195B291A033}"
EndProject
Project("{FAE04EC0-301F-11D3-BF4B-00C04F79EFBC}") = "Taxi.Cross.Android", "Taxi.Cross.Android\Taxi.Cross.Android.csproj", "{BA31E1AA-0E4A-4EFD-9A9E-5C6EFE0564F7}"
EndProject
Global
	GlobalSection(SolutionConfigurationPlatforms) = preSolution
		Ad-Hoc|Any CPU = Ad-Hoc|Any CPU
		Ad-Hoc|iPhone = Ad-Hoc|iPhone
		Ad-Hoc|iPhoneSimulator = Ad-Hoc|iPhoneSimulator
		AppStore|Any CPU = AppStore|Any CPU
		AppStore|iPhone = AppStore|iPhone
		AppStore|iPhoneSimulator = AppStore|iPhoneSimulator
		Debug|Any CPU = Debug|Any CPU
		Debug|iPhone = Debug|iPhone
		Debug|iPhoneSimulator = Debug|iPhoneSimulator
		Release|Any CPU = Release|Any CPU
		Release|iPhone = Release|iPhone
		Release|iPhoneSimulator = Release|iPhoneSimulator
	EndGlobalSection
	GlobalSection(ProjectConfigurationPlatforms) = postSolution
		{4996E638-5330-43EB-A4EE-D75515E01571}.Ad-Hoc|Any CPU.ActiveCfg = Release|Any CPU
		{4996E638-5330-43EB-A4EE-D75515E01571}.Ad-Hoc|Any CPU.Build.0 = Release|Any CPU
		{4996E638-5330-43EB-A4EE-D75515E01571}.Ad-Hoc|iPhone.ActiveCfg = Release|Any CPU
		{4996E638-5330-43EB-A4EE-D75515E01571}.Ad-Hoc|iPhone.Build.0 = Release|Any CPU
		{4996E638-5330-43EB-A4EE-D75515E01571}.Ad-Hoc|iPhoneSimulator.ActiveCfg = Release|Any CPU
		{4996E638-5330-43EB-A4EE-D75515E01571}.Ad-Hoc|iPhoneSimulator.Build.0 = Release|Any CPU
		{4996E638-5330-43EB-A4EE-D75515E01571}.AppStore|Any CPU.ActiveCfg = Release|Any CPU
		{4996E638-5330-43EB-A4EE-D75515E01571}.AppStore|Any CPU.Build.0 = Release|Any CPU
		{4996E638-5330-43EB-A4EE-D75515E01571}.AppStore|iPhone.ActiveCfg = Release|Any CPU
		{4996E638-5330-43EB-A4EE-D75515E01571}.AppStore|iPhone.Build.0 = Release|Any CPU
		{4996E638-5330-43EB-A4EE-D75515E01571}.AppStore|iPhoneSimulator.ActiveCfg = Release|Any CPU
		{4996E638-5330-43EB-A4EE-D75515E01571}.AppStore|iPhoneSimulator.Build.0 = Release|Any CPU
		{4996E638-5330-43EB-A4EE-D75515E01571}.Debug|Any CPU.ActiveCfg = Debug|Any CPU
		{4996E638-5330-43EB-A4EE-D75515E01571}.Debug|Any CPU.Build.0 = Debug|Any CPU
		{4996E638-5330-43EB-A4EE-D75515E01571}.Debug|iPhone.ActiveCfg = Debug|Any CPU
		{4996E638-5330-43EB-A4EE-D75515E01571}.Debug|iPhone.Build.0 = Debug|Any CPU
		{4996E638-5330-43EB-A4EE-D75515E01571}.Debug|iPhoneSimulator.ActiveCfg = Debug|Any CPU
		{4996E638-5330-43EB-A4EE-D75515E01571}.Debug|iPhoneSimulator.Build.0 = Debug|Any CPU
		{4996E638-5330-43EB-A4EE-D75515E01571}.Release|Any CPU.ActiveCfg = Release|Any CPU
		{4996E638-5330-43EB-A4EE-D75515E01571}.Release|Any CPU.Build.0 = Release|Any CPU
		{4996E638-5330-43EB-A4EE-D75515E01571}.Release|iPhone.ActiveCfg = Release|Any CPU
		{4996E638-5330-43EB-A4EE-D75515E01571}.Release|iPhone.Build.0 = Release|Any CPU
		{4996E638-5330-43EB-A4EE-D75515E01571}.Release|iPhoneSimulator.ActiveCfg = Release|Any CPU
		{4996E638-5330-43EB-A4EE-D75515E01571}.Release|iPhoneSimulator.Build.0 = Release|Any CPU
		{56458E03-2D7C-4E50-AF7B-4F0E01740C91}.Ad-Hoc|Any CPU.ActiveCfg = Release|Any CPU
		{56458E03-2D7C-4E50-AF7B-4F0E01740C91}.Ad-Hoc|Any CPU.Build.0 = Release|Any CPU
		{56458E03-2D7C-4E50-AF7B-4F0E01740C91}.Ad-Hoc|iPhone.ActiveCfg = Release|Any CPU
		{56458E03-2D7C-4E50-AF7B-4F0E01740C91}.Ad-Hoc|iPhone.Build.0 = Release|Any CPU
		{56458E03-2D7C-4E50-AF7B-4F0E01740C91}.Ad-Hoc|iPhoneSimulator.ActiveCfg = Release|Any CPU
		{56458E03-2D7C-4E50-AF7B-4F0E01740C91}.Ad-Hoc|iPhoneSimulator.Build.0 = Release|Any CPU
		{56458E03-2D7C-4E50-AF7B-4F0E01740C91}.AppStore|Any CPU.ActiveCfg = Release|Any CPU
		{56458E03-2D7C-4E50-AF7B-4F0E01740C91}.AppStore|Any CPU.Build.0 = Release|Any CPU
		{56458E03-2D7C-4E50-AF7B-4F0E01740C91}.AppStore|iPhone.ActiveCfg = Release|Any CPU
		{56458E03-2D7C-4E50-AF7B-4F0E01740C91}.AppStore|iPhone.Build.0 = Release|Any CPU
		{56458E03-2D7C-4E50-AF7B-4F0E01740C91}.AppStore|iPhoneSimulator.ActiveCfg = Release|Any CPU
		{56458E03-2D7C-4E50-AF7B-4F0E01740C91}.AppStore|iPhoneSimulator.Build.0 = Release|Any CPU
		{56458E03-2D7C-4E50-AF7B-4F0E01740C91}.Debug|Any CPU.ActiveCfg = Debug|Any CPU
		{56458E03-2D7C-4E50-AF7B-4F0E01740C91}.Debug|Any CPU.Build.0 = Debug|Any CPU
		{56458E03-2D7C-4E50-AF7B-4F0E01740C91}.Debug|iPhone.ActiveCfg = Debug|Any CPU
		{56458E03-2D7C-4E50-AF7B-4F0E01740C91}.Debug|iPhone.Build.0 = Debug|Any CPU
		{56458E03-2D7C-4E50-AF7B-4F0E01740C91}.Debug|iPhoneSimulator.ActiveCfg = Debug|Any CPU
		{56458E03-2D7C-4E50-AF7B-4F0E01740C91}.Debug|iPhoneSimulator.Build.0 = Debug|Any CPU
		{56458E03-2D7C-4E50-AF7B-4F0E01740C91}.Release|Any CPU.ActiveCfg = Release|Any CPU
		{56458E03-2D7C-4E50-AF7B-4F0E01740C91}.Release|Any CPU.Build.0 = Release|Any CPU
		{56458E03-2D7C-4E50-AF7B-4F0E01740C91}.Release|iPhone.ActiveCfg = Release|Any CPU
		{56458E03-2D7C-4E50-AF7B-4F0E01740C91}.Release|iPhone.Build.0 = Release|Any CPU
		{56458E03-2D7C-4E50-AF7B-4F0E01740C91}.Release|iPhoneSimulator.ActiveCfg = Release|Any CPU
		{56458E03-2D7C-4E50-AF7B-4F0E01740C91}.Release|iPhoneSimulator.Build.0 = Release|Any CPU
		{DA19C622-AEA2-46E6-8117-72D4EB544461}.Ad-Hoc|Any CPU.ActiveCfg = Debug|Any CPU
		{DA19C622-AEA2-46E6-8117-72D4EB544461}.Ad-Hoc|Any CPU.Build.0 = Debug|Any CPU
		{DA19C622-AEA2-46E6-8117-72D4EB544461}.Ad-Hoc|iPhone.ActiveCfg = Debug|Any CPU
		{DA19C622-AEA2-46E6-8117-72D4EB544461}.Ad-Hoc|iPhone.Build.0 = Debug|Any CPU
		{DA19C622-AEA2-46E6-8117-72D4EB544461}.Ad-Hoc|iPhoneSimulator.ActiveCfg = Debug|Any CPU
		{DA19C622-AEA2-46E6-8117-72D4EB544461}.Ad-Hoc|iPhoneSimulator.Build.0 = Debug|Any CPU
		{DA19C622-AEA2-46E6-8117-72D4EB544461}.AppStore|Any CPU.ActiveCfg = Debug|Any CPU
		{DA19C622-AEA2-46E6-8117-72D4EB544461}.AppStore|Any CPU.Build.0 = Debug|Any CPU
		{DA19C622-AEA2-46E6-8117-72D4EB544461}.AppStore|iPhone.ActiveCfg = Debug|Any CPU
		{DA19C622-AEA2-46E6-8117-72D4EB544461}.AppStore|iPhone.Build.0 = Debug|Any CPU
		{DA19C622-AEA2-46E6-8117-72D4EB544461}.AppStore|iPhoneSimulator.ActiveCfg = Debug|Any CPU
		{DA19C622-AEA2-46E6-8117-72D4EB544461}.AppStore|iPhoneSimulator.Build.0 = Debug|Any CPU
		{DA19C622-AEA2-46E6-8117-72D4EB544461}.Debug|Any CPU.ActiveCfg = Debug|Any CPU
		{DA19C622-AEA2-46E6-8117-72D4EB544461}.Debug|Any CPU.Build.0 = Debug|Any CPU
		{DA19C622-AEA2-46E6-8117-72D4EB544461}.Debug|iPhone.ActiveCfg = Debug|Any CPU
		{DA19C622-AEA2-46E6-8117-72D4EB544461}.Debug|iPhone.Build.0 = Debug|Any CPU
		{DA19C622-AEA2-46E6-8117-72D4EB544461}.Debug|iPhoneSimulator.ActiveCfg = Debug|Any CPU
		{DA19C622-AEA2-46E6-8117-72D4EB544461}.Debug|iPhoneSimulator.Build.0 = Debug|Any CPU
		{DA19C622-AEA2-46E6-8117-72D4EB544461}.Release|Any CPU.ActiveCfg = Release|Any CPU
		{DA19C622-AEA2-46E6-8117-72D4EB544461}.Release|Any CPU.Build.0 = Release|Any CPU
		{DA19C622-AEA2-46E6-8117-72D4EB544461}.Release|iPhone.ActiveCfg = Release|Any CPU
		{DA19C622-AEA2-46E6-8117-72D4EB544461}.Release|iPhone.Build.0 = Release|Any CPU
		{DA19C622-AEA2-46E6-8117-72D4EB544461}.Release|iPhoneSimulator.ActiveCfg = Release|Any CPU
		{DA19C622-AEA2-46E6-8117-72D4EB544461}.Release|iPhoneSimulator.Build.0 = Release|Any CPU
		{FF6B1C77-44B4-41E5-88FE-45DDEFFE5CDB}.Ad-Hoc|Any CPU.ActiveCfg = Release|Any CPU
		{FF6B1C77-44B4-41E5-88FE-45DDEFFE5CDB}.Ad-Hoc|Any CPU.Build.0 = Release|Any CPU
		{FF6B1C77-44B4-41E5-88FE-45DDEFFE5CDB}.Ad-Hoc|Any CPU.Deploy.0 = Release|Any CPU
		{FF6B1C77-44B4-41E5-88FE-45DDEFFE5CDB}.Ad-Hoc|iPhone.ActiveCfg = Release|Any CPU
		{FF6B1C77-44B4-41E5-88FE-45DDEFFE5CDB}.Ad-Hoc|iPhone.Build.0 = Release|Any CPU
		{FF6B1C77-44B4-41E5-88FE-45DDEFFE5CDB}.Ad-Hoc|iPhone.Deploy.0 = Release|Any CPU
		{FF6B1C77-44B4-41E5-88FE-45DDEFFE5CDB}.Ad-Hoc|iPhoneSimulator.ActiveCfg = Release|Any CPU
		{FF6B1C77-44B4-41E5-88FE-45DDEFFE5CDB}.Ad-Hoc|iPhoneSimulator.Build.0 = Release|Any CPU
		{FF6B1C77-44B4-41E5-88FE-45DDEFFE5CDB}.Ad-Hoc|iPhoneSimulator.Deploy.0 = Release|Any CPU
		{FF6B1C77-44B4-41E5-88FE-45DDEFFE5CDB}.AppStore|Any CPU.ActiveCfg = Release|Any CPU
		{FF6B1C77-44B4-41E5-88FE-45DDEFFE5CDB}.AppStore|Any CPU.Build.0 = Release|Any CPU
		{FF6B1C77-44B4-41E5-88FE-45DDEFFE5CDB}.AppStore|Any CPU.Deploy.0 = Release|Any CPU
		{FF6B1C77-44B4-41E5-88FE-45DDEFFE5CDB}.AppStore|iPhone.ActiveCfg = Release|Any CPU
		{FF6B1C77-44B4-41E5-88FE-45DDEFFE5CDB}.AppStore|iPhone.Build.0 = Release|Any CPU
		{FF6B1C77-44B4-41E5-88FE-45DDEFFE5CDB}.AppStore|iPhone.Deploy.0 = Release|Any CPU
		{FF6B1C77-44B4-41E5-88FE-45DDEFFE5CDB}.AppStore|iPhoneSimulator.ActiveCfg = Release|Any CPU
		{FF6B1C77-44B4-41E5-88FE-45DDEFFE5CDB}.AppStore|iPhoneSimulator.Build.0 = Release|Any CPU
		{FF6B1C77-44B4-41E5-88FE-45DDEFFE5CDB}.AppStore|iPhoneSimulator.Deploy.0 = Release|Any CPU
		{FF6B1C77-44B4-41E5-88FE-45DDEFFE5CDB}.Debug|Any CPU.ActiveCfg = Debug|Any CPU
		{FF6B1C77-44B4-41E5-88FE-45DDEFFE5CDB}.Debug|Any CPU.Build.0 = Debug|Any CPU
		{FF6B1C77-44B4-41E5-88FE-45DDEFFE5CDB}.Debug|Any CPU.Deploy.0 = Debug|Any CPU
		{FF6B1C77-44B4-41E5-88FE-45DDEFFE5CDB}.Debug|iPhone.ActiveCfg = Debug|Any CPU
		{FF6B1C77-44B4-41E5-88FE-45DDEFFE5CDB}.Debug|iPhone.Build.0 = Debug|Any CPU
		{FF6B1C77-44B4-41E5-88FE-45DDEFFE5CDB}.Debug|iPhone.Deploy.0 = Debug|Any CPU
		{FF6B1C77-44B4-41E5-88FE-45DDEFFE5CDB}.Debug|iPhoneSimulator.ActiveCfg = Debug|Any CPU
		{FF6B1C77-44B4-41E5-88FE-45DDEFFE5CDB}.Debug|iPhoneSimulator.Build.0 = Debug|Any CPU
		{FF6B1C77-44B4-41E5-88FE-45DDEFFE5CDB}.Debug|iPhoneSimulator.Deploy.0 = Debug|Any CPU
		{FF6B1C77-44B4-41E5-88FE-45DDEFFE5CDB}.Release|Any CPU.ActiveCfg = Release|Any CPU
		{FF6B1C77-44B4-41E5-88FE-45DDEFFE5CDB}.Release|Any CPU.Build.0 = Release|Any CPU
		{FF6B1C77-44B4-41E5-88FE-45DDEFFE5CDB}.Release|Any CPU.Deploy.0 = Release|Any CPU
		{FF6B1C77-44B4-41E5-88FE-45DDEFFE5CDB}.Release|iPhone.ActiveCfg = Release|Any CPU
		{FF6B1C77-44B4-41E5-88FE-45DDEFFE5CDB}.Release|iPhone.Build.0 = Release|Any CPU
		{FF6B1C77-44B4-41E5-88FE-45DDEFFE5CDB}.Release|iPhone.Deploy.0 = Release|Any CPU
		{FF6B1C77-44B4-41E5-88FE-45DDEFFE5CDB}.Release|iPhoneSimulator.ActiveCfg = Release|Any CPU
		{FF6B1C77-44B4-41E5-88FE-45DDEFFE5CDB}.Release|iPhoneSimulator.Build.0 = Release|Any CPU
		{FF6B1C77-44B4-41E5-88FE-45DDEFFE5CDB}.Release|iPhoneSimulator.Deploy.0 = Release|Any CPU
		{2575A406-D14E-453C-8E22-8195B291A033}.Ad-Hoc|Any CPU.ActiveCfg = Ad-Hoc|iPhone
		{2575A406-D14E-453C-8E22-8195B291A033}.Ad-Hoc|iPhone.ActiveCfg = Ad-Hoc|iPhone
		{2575A406-D14E-453C-8E22-8195B291A033}.Ad-Hoc|iPhone.Build.0 = Ad-Hoc|iPhone
		{2575A406-D14E-453C-8E22-8195B291A033}.Ad-Hoc|iPhoneSimulator.ActiveCfg = Ad-Hoc|iPhoneSimulator
		{2575A406-D14E-453C-8E22-8195B291A033}.Ad-Hoc|iPhoneSimulator.Build.0 = Ad-Hoc|iPhoneSimulator
		{2575A406-D14E-453C-8E22-8195B291A033}.AppStore|Any CPU.ActiveCfg = AppStore|iPhone
		{2575A406-D14E-453C-8E22-8195B291A033}.AppStore|iPhone.ActiveCfg = AppStore|iPhone
		{2575A406-D14E-453C-8E22-8195B291A033}.AppStore|iPhone.Build.0 = AppStore|iPhone
		{2575A406-D14E-453C-8E22-8195B291A033}.AppStore|iPhoneSimulator.ActiveCfg = AppStore|iPhoneSimulator
		{2575A406-D14E-453C-8E22-8195B291A033}.AppStore|iPhoneSimulator.Build.0 = AppStore|iPhoneSimulator
		{2575A406-D14E-453C-8E22-8195B291A033}.Debug|Any CPU.ActiveCfg = Debug|iPhone
		{2575A406-D14E-453C-8E22-8195B291A033}.Debug|iPhone.ActiveCfg = Debug|iPhone
		{2575A406-D14E-453C-8E22-8195B291A033}.Debug|iPhone.Build.0 = Debug|iPhone
		{2575A406-D14E-453C-8E22-8195B291A033}.Debug|iPhoneSimulator.ActiveCfg = Debug|iPhoneSimulator
		{2575A406-D14E-453C-8E22-8195B291A033}.Debug|iPhoneSimulator.Build.0 = Debug|iPhoneSimulator
		{2575A406-D14E-453C-8E22-8195B291A033}.Release|Any CPU.ActiveCfg = Release|iPhone
		{2575A406-D14E-453C-8E22-8195B291A033}.Release|iPhone.ActiveCfg = Release|iPhone
		{2575A406-D14E-453C-8E22-8195B291A033}.Release|iPhone.Build.0 = Release|iPhone
		{2575A406-D14E-453C-8E22-8195B291A033}.Release|iPhoneSimulator.ActiveCfg = Release|iPhoneSimulator
		{2575A406-D14E-453C-8E22-8195B291A033}.Release|iPhoneSimulator.Build.0 = Release|iPhoneSimulator
		{BA31E1AA-0E4A-4EFD-9A9E-5C6EFE0564F7}.Ad-Hoc|Any CPU.ActiveCfg = Release|Any CPU
		{BA31E1AA-0E4A-4EFD-9A9E-5C6EFE0564F7}.Ad-Hoc|Any CPU.Build.0 = Release|Any CPU
		{BA31E1AA-0E4A-4EFD-9A9E-5C6EFE0564F7}.Ad-Hoc|Any CPU.Deploy.0 = Release|Any CPU
		{BA31E1AA-0E4A-4EFD-9A9E-5C6EFE0564F7}.Ad-Hoc|iPhone.ActiveCfg = Release|Any CPU
		{BA31E1AA-0E4A-4EFD-9A9E-5C6EFE0564F7}.Ad-Hoc|iPhone.Build.0 = Release|Any CPU
		{BA31E1AA-0E4A-4EFD-9A9E-5C6EFE0564F7}.Ad-Hoc|iPhone.Deploy.0 = Release|Any CPU
		{BA31E1AA-0E4A-4EFD-9A9E-5C6EFE0564F7}.Ad-Hoc|iPhoneSimulator.ActiveCfg = Release|Any CPU
		{BA31E1AA-0E4A-4EFD-9A9E-5C6EFE0564F7}.Ad-Hoc|iPhoneSimulator.Build.0 = Release|Any CPU
		{BA31E1AA-0E4A-4EFD-9A9E-5C6EFE0564F7}.Ad-Hoc|iPhoneSimulator.Deploy.0 = Release|Any CPU
		{BA31E1AA-0E4A-4EFD-9A9E-5C6EFE0564F7}.AppStore|Any CPU.ActiveCfg = Release|Any CPU
		{BA31E1AA-0E4A-4EFD-9A9E-5C6EFE0564F7}.AppStore|Any CPU.Build.0 = Release|Any CPU
		{BA31E1AA-0E4A-4EFD-9A9E-5C6EFE0564F7}.AppStore|Any CPU.Deploy.0 = Release|Any CPU
		{BA31E1AA-0E4A-4EFD-9A9E-5C6EFE0564F7}.AppStore|iPhone.ActiveCfg = Release|Any CPU
		{BA31E1AA-0E4A-4EFD-9A9E-5C6EFE0564F7}.AppStore|iPhone.Build.0 = Release|Any CPU
		{BA31E1AA-0E4A-4EFD-9A9E-5C6EFE0564F7}.AppStore|iPhone.Deploy.0 = Release|Any CPU
		{BA31E1AA-0E4A-4EFD-9A9E-5C6EFE0564F7}.AppStore|iPhoneSimulator.ActiveCfg = Release|Any CPU
		{BA31E1AA-0E4A-4EFD-9A9E-5C6EFE0564F7}.AppStore|iPhoneSimulator.Build.0 = Release|Any CPU
		{BA31E1AA-0E4A-4EFD-9A9E-5C6EFE0564F7}.AppStore|iPhoneSimulator.Deploy.0 = Release|Any CPU
		{BA31E1AA-0E4A-4EFD-9A9E-5C6EFE0564F7}.Debug|Any CPU.ActiveCfg = Debug|Any CPU
		{BA31E1AA-0E4A-4EFD-9A9E-5C6EFE0564F7}.Debug|Any CPU.Build.0 = Debug|Any CPU
		{BA31E1AA-0E4A-4EFD-9A9E-5C6EFE0564F7}.Debug|Any CPU.Deploy.0 = Debug|Any CPU
		{BA31E1AA-0E4A-4EFD-9A9E-5C6EFE0564F7}.Debug|iPhone.ActiveCfg = Debug|Any CPU
		{BA31E1AA-0E4A-4EFD-9A9E-5C6EFE0564F7}.Debug|iPhone.Build.0 = Debug|Any CPU
		{BA31E1AA-0E4A-4EFD-9A9E-5C6EFE0564F7}.Debug|iPhone.Deploy.0 = Debug|Any CPU
		{BA31E1AA-0E4A-4EFD-9A9E-5C6EFE0564F7}.Debug|iPhoneSimulator.ActiveCfg = Debug|Any CPU
		{BA31E1AA-0E4A-4EFD-9A9E-5C6EFE0564F7}.Debug|iPhoneSimulator.Build.0 = Debug|Any CPU
		{BA31E1AA-0E4A-4EFD-9A9E-5C6EFE0564F7}.Debug|iPhoneSimulator.Deploy.0 = Debug|Any CPU
		{BA31E1AA-0E4A-4EFD-9A9E-5C6EFE0564F7}.Release|Any CPU.ActiveCfg = Release|Any CPU
		{BA31E1AA-0E4A-4EFD-9A9E-5C6EFE0564F7}.Release|Any CPU.Build.0 = Release|Any CPU
		{BA31E1AA-0E4A-4EFD-9A9E-5C6EFE0564F7}.Release|Any CPU.Deploy.0 = Release|Any CPU
		{BA31E1AA-0E4A-4EFD-9A9E-5C6EFE0564F7}.Release|iPhone.ActiveCfg = Release|Any CPU
		{BA31E1AA-0E4A-4EFD-9A9E-5C6EFE0564F7}.Release|iPhone.Build.0 = Release|Any CPU
		{BA31E1AA-0E4A-4EFD-9A9E-5C6EFE0564F7}.Release|iPhone.Deploy.0 = Release|Any CPU
		{BA31E1AA-0E4A-4EFD-9A9E-5C6EFE0564F7}.Release|iPhoneSimulator.ActiveCfg = Release|Any CPU
		{BA31E1AA-0E4A-4EFD-9A9E-5C6EFE0564F7}.Release|iPhoneSimulator.Build.0 = Release|Any CPU
		{BA31E1AA-0E4A-4EFD-9A9E-5C6EFE0564F7}.Release|iPhoneSimulator.Deploy.0 = Release|Any CPU
	EndGlobalSection
	GlobalSection(SolutionProperties) = preSolution
		HideSolutionNode = FALSE
	EndGlobalSection
	GlobalSection(ExtensibilityGlobals) = postSolution
		SolutionGuid = {E69F0304-0C6B-4F28-A5DF-7BC6A3F39363}
	EndGlobalSection
EndGlobal
